
Microsoft Visual Studio Solution File, Format Version 12.00
# Visual Studio Version 16
VisualStudioVersion = 16.0.31205.134
MinimumVisualStudioVersion = 10.0.40219.1
Project("{9A19103F-16F7-4668-BE54-9A1E7A4F7556}") = "TodoApi", "TodoApi.csproj", "{AF89AE9C-670D-4F87-8745-E1E480C1EDFC}"
EndProject
Global
	GlobalSection(SolutionConfigurationPlatforms) = preSolution
		Debug|Any CPU = Debug|Any CPU
		Release|Any CPU = Release|Any CPU
	EndGlobalSection
	GlobalSection(ProjectConfigurationPlatforms) = postSolution
		{AF89AE9C-670D-4F87-8745-E1E480C1EDFC}.Debug|Any CPU.ActiveCfg = Debug|Any CPU
		{AF89AE9C-670D-4F87-8745-E1E480C1EDFC}.Debug|Any CPU.Build.0 = Debug|Any CPU
		{AF89AE9C-670D-4F87-8745-E1E480C1EDFC}.Release|Any CPU.ActiveCfg = Release|Any CPU
		{AF89AE9C-670D-4F87-8745-E1E480C1EDFC}.Release|Any CPU.Build.0 = Release|Any CPU
	EndGlobalSection
	GlobalSection(SolutionProperties) = preSolution
		HideSolutionNode = FALSE
	EndGlobalSection
	GlobalSection(ExtensibilityGlobals) = postSolution
		SolutionGuid = {0882DFB2-8A31-4D24-A1E0-DEA222BFB990}
	EndGlobalSection
EndGlobal
